
Microsoft Visual Studio Solution File, Format Version 12.00
# Visual Studio 15
VisualStudioVersion = 15.0.28307.421
MinimumVisualStudioVersion = 10.0.40219.1
Project("{FAE04EC0-301F-11D3-BF4B-00C04F79EFBC}") = "Library", "Library\Library.csproj", "{C313BDD0-E76F-400C-96E8-098D1D836A65}"
EndProject
Global
	GlobalSection(SolutionConfigurationPlatforms) = preSolution
		Debug|Any CPU = Debug|Any CPU
		Release|Any CPU = Release|Any CPU
	EndGlobalSection
	GlobalSection(ProjectConfigurationPlatforms) = postSolution
		{C313BDD0-E76F-400C-96E8-098D1D836A65}.Debug|Any CPU.ActiveCfg = Debug|Any CPU
		{C313BDD0-E76F-400C-96E8-098D1D836A65}.Debug|Any CPU.Build.0 = Debug|Any CPU
		{C313BDD0-E76F-400C-96E8-098D1D836A65}.Release|Any CPU.ActiveCfg = Release|Any CPU
		{C313BDD0-E76F-400C-96E8-098D1D836A65}.Release|Any CPU.Build.0 = Release|Any CPU
	EndGlobalSection
	GlobalSection(SolutionProperties) = preSolution
		HideSolutionNode = FALSE
	EndGlobalSection
	GlobalSection(ExtensibilityGlobals) = postSolution
		SolutionGuid = {A5FAE4E7-4AB5-4266-B6AD-1EAAAF554BB6}
	EndGlobalSection
EndGlobal
